{
    "_readme": [
        "This file locks the dependencies of your project to a known state",
        "Read more about it at https://getcomposer.org/doc/01-basic-usage.md#composer-lock-the-lock-file",
        "This file is @generated automatically"
    ],
    "content-hash": "f844cf96270b4d4a01ff5166d620d3f6",
    "packages": [
        {
            "name": "aidantwoods/secureheaders",
            "version": "v2.0",
            "source": {
                "type": "git",
                "url": "https://github.com/aidantwoods/SecureHeaders.git",
                "reference": "d1fd7190cec90db9826b8144d49bd9cdf8a868d5"
            },
            "dist": {
                "type": "zip",
                "url": "https://api.github.com/repos/aidantwoods/SecureHeaders/zipball/d1fd7190cec90db9826b8144d49bd9cdf8a868d5",
                "reference": "d1fd7190cec90db9826b8144d49bd9cdf8a868d5",
                "shasum": ""
            },
            "require": {
                "php": ">=5.4.0"
            },
            "require-dev": {
                "friendsofphp/php-cs-fixer": "dev-feature/braces/position_after_return_type_hint",
                "phpunit/phpunit": "^4.0",
                "psr/http-message": "^1.0",
                "zendframework/zend-diactoros": "^1.0"
            },
            "suggest": {
                "aidantwoods/markdownphpdocs": "Install this on its own and add it to your path, to auto-generate documentation if contributing to this repo.",
                "psr/http-message": "In case you want to use the PSR-7 adapter"
            },
            "type": "library",
            "autoload": {
                "psr-4": {
                    "Aidantwoods\\SecureHeaders\\": "src/"
                }
            },
            "notification-url": "https://packagist.org/downloads/",
            "license": [
                "MIT"
            ],
            "authors": [
                {
                    "name": "Aidan Woods",
                    "email": "aidantwoods@gmail.com",
                    "homepage": "https://aidanwoods.com"
                }
            ],
            "description": "A PHP class aiming to make the use of browser security features more accessible.",
            "homepage": "https://github.com/aidantwoods/SecureHeaders/wiki",
            "keywords": [
                "content-security-policy",
                "cookie",
                "csp",
                "headers",
                "hsts",
                "secure",
                "secureheaders"
            ],
            "time": "2017-07-16T12:03:06+00:00"
        },
        {
            "name": "smarty/smarty",
            "version": "v3.1.31",
            "source": {
                "type": "git",
                "url": "https://github.com/smarty-php/smarty.git",
                "reference": "c7d42e4a327c402897dd587871434888fde1e7a9"
            },
            "dist": {
                "type": "zip",
                "url": "https://api.github.com/repos/smarty-php/smarty/zipball/c7d42e4a327c402897dd587871434888fde1e7a9",
                "reference": "c7d42e4a327c402897dd587871434888fde1e7a9",
                "shasum": ""
            },
            "require": {
                "php": ">=5.2"
            },
            "type": "library",
            "extra": {
                "branch-alias": {
                    "dev-master": "3.1.x-dev"
                }
            },
            "autoload": {
                "files": [
                    "libs/bootstrap.php"
                ]
            },
            "notification-url": "https://packagist.org/downloads/",
            "license": [
                "LGPL-3.0"
            ],
            "authors": [
                {
                    "name": "Monte Ohrt",
                    "email": "monte@ohrt.com"
                },
                {
                    "name": "Uwe Tews",
                    "email": "uwe.tews@googlemail.com"
                },
                {
                    "name": "Rodney Rehm",
                    "email": "rodney.rehm@medialize.de"
                }
            ],
            "description": "Smarty - the compiling PHP template engine",
            "homepage": "http://www.smarty.net",
            "keywords": [
                "templating"
            ],
            "time": "2016-12-14T21:57:25+00:00"
        }
    ],
    "packages-dev": [],
    "aliases": [],
    "minimum-stability": "stable",
    "stability-flags": [],
    "prefer-stable": false,
    "prefer-lowest": false,
    "platform": {
        "php": ">=7.1"
    },
    "platform-dev": []
}
